{
  "name": "frontend",
  "lockfileVersion": 3,
  "requires": true,
  "packages": {
    "": {
      "dependencies": {
        "@yandex/ymaps3-default-ui-theme": "^0.0.24",
        "package": "^1.0.1"
      }
    },
    "node_modules/@yandex/ymaps3-default-ui-theme": {
      "version": "0.0.24",
      "resolved": "https://registry.npmjs.org/@yandex/ymaps3-default-ui-theme/-/ymaps3-default-ui-theme-0.0.24.tgz",
      "integrity": "sha512-75ukFfADLE0XbVcgq661kF+bgfIlMfD30dqxrwFgL2nbNcZRQhxwq/YeqalbKZkEbd+/D6l7iKLgHzR8b4PQFA==",
      "license": "Apache-2"
    },
    "node_modules/package": {
      "version": "1.0.1",
      "resolved": "https://registry.npmjs.org/package/-/package-1.0.1.tgz",
      "integrity": "sha512-g6xZR6CO7okjie83sIRJodgGvaXqymfE5GLhN8N2TmZGShmHc/V23hO/vWbdnuy3D81As3pfovw72gGi42l9qA==",
      "engines": {
        "node": ">= 0.6.0"
      }
    }
  }
}
